
Microsoft Visual Studio Solution File, Format Version 12.00
Project("{FAE04EC0-301F-11D3-BF4B-00C04F79EFBC}") = "Client", "Client\Client.csproj", "{A2CDB197-2F5B-40C1-8883-C81BFFE09E18}"
EndProject
Project("{FAE04EC0-301F-11D3-BF4B-00C04F79EFBC}") = "CopierPluginBase", "CopierPluginBase\CopierPluginBase.csproj", "{FE6F6C55-D1B8-4E84-AC75-4D491A2E0262}"
EndProject
Project("{FAE04EC0-301F-11D3-BF4B-00C04F79EFBC}") = "SimplePlugin", "SimplePlugin\SimplePlugin.csproj", "{10737851-FE9A-4E0E-A308-45B5DC97D599}"
EndProject
Global
	GlobalSection(SolutionConfigurationPlatforms) = preSolution
		Debug|Any CPU = Debug|Any CPU
		Release|Any CPU = Release|Any CPU
	EndGlobalSection
	GlobalSection(ProjectConfigurationPlatforms) = postSolution
		{A2CDB197-2F5B-40C1-8883-C81BFFE09E18}.Debug|Any CPU.ActiveCfg = Debug|Any CPU
		{A2CDB197-2F5B-40C1-8883-C81BFFE09E18}.Debug|Any CPU.Build.0 = Debug|Any CPU
		{A2CDB197-2F5B-40C1-8883-C81BFFE09E18}.Release|Any CPU.ActiveCfg = Release|Any CPU
		{A2CDB197-2F5B-40C1-8883-C81BFFE09E18}.Release|Any CPU.Build.0 = Release|Any CPU
		{FE6F6C55-D1B8-4E84-AC75-4D491A2E0262}.Debug|Any CPU.ActiveCfg = Debug|Any CPU
		{FE6F6C55-D1B8-4E84-AC75-4D491A2E0262}.Debug|Any CPU.Build.0 = Debug|Any CPU
		{FE6F6C55-D1B8-4E84-AC75-4D491A2E0262}.Release|Any CPU.ActiveCfg = Release|Any CPU
		{FE6F6C55-D1B8-4E84-AC75-4D491A2E0262}.Release|Any CPU.Build.0 = Release|Any CPU
		{10737851-FE9A-4E0E-A308-45B5DC97D599}.Debug|Any CPU.ActiveCfg = Debug|Any CPU
		{10737851-FE9A-4E0E-A308-45B5DC97D599}.Debug|Any CPU.Build.0 = Debug|Any CPU
		{10737851-FE9A-4E0E-A308-45B5DC97D599}.Release|Any CPU.ActiveCfg = Release|Any CPU
		{10737851-FE9A-4E0E-A308-45B5DC97D599}.Release|Any CPU.Build.0 = Release|Any CPU
	EndGlobalSection
EndGlobal
